
Microsoft Visual Studio Solution File, Format Version 12.00
# Visual Studio Version 17
VisualStudioVersion = 17.0.31903.59
MinimumVisualStudioVersion = 10.0.40219.1
Project("{2150E333-8FDC-42A3-9474-1A3956D46DE8}") = "src", "src", "{827E0CD3-B72D-47B6-A68D-7590B98EB39B}"
EndProject
Project("{FAE04EC0-301F-11D3-BF4B-00C04F79EFBC}") = "AutoFan.Core", "src\AutoFan.Core\AutoFan.Core.csproj", "{E49E26B0-8AB5-4A6F-98D6-F9BC4B909EB4}"
EndProject
Project("{FAE04EC0-301F-11D3-BF4B-00C04F79EFBC}") = "AutoFan.Hardware", "src\AutoFan.Hardware\AutoFan.Hardware.csproj", "{348F15FF-91BC-4A48-B8A1-0B8FEAD122CF}"
EndProject
Project("{FAE04EC0-301F-11D3-BF4B-00C04F79EFBC}") = "AutoFan.Storage", "src\AutoFan.Storage\AutoFan.Storage.csproj", "{39C588E7-0CCA-4B98-A81B-8CA81EC4E2B5}"
EndProject
Project("{FAE04EC0-301F-11D3-BF4B-00C04F79EFBC}") = "AutoFan.App", "src\AutoFan.App\AutoFan.App.csproj", "{7BDA3689-4A6A-4833-828F-EE2589BB3C7C}"
EndProject
Project("{2150E333-8FDC-42A3-9474-1A3956D46DE8}") = "tests", "tests", "{0AB3BF05-4346-4AA6-1389-037BE0695223}"
EndProject
Project("{FAE04EC0-301F-11D3-BF4B-00C04F79EFBC}") = "AutoFan.Core.Tests", "tests\AutoFan.Core.Tests\AutoFan.Core.Tests.csproj", "{F2D00A23-0FB4-42AA-9914-EE9050FA809F}"
EndProject
Global
	GlobalSection(SolutionConfigurationPlatforms) = preSolution
		Debug|Any CPU = Debug|Any CPU
		Debug|x64 = Debug|x64
		Debug|x86 = Debug|x86
		Release|Any CPU = Release|Any CPU
		Release|x64 = Release|x64
		Release|x86 = Release|x86
	EndGlobalSection
	GlobalSection(ProjectConfigurationPlatforms) = postSolution
		{E49E26B0-8AB5-4A6F-98D6-F9BC4B909EB4}.Debug|Any CPU.ActiveCfg = Debug|Any CPU
		{E49E26B0-8AB5-4A6F-98D6-F9BC4B909EB4}.Debug|Any CPU.Build.0 = Debug|Any CPU
		{E49E26B0-8AB5-4A6F-98D6-F9BC4B909EB4}.Debug|x64.ActiveCfg = Debug|Any CPU
		{E49E26B0-8AB5-4A6F-98D6-F9BC4B909EB4}.Debug|x64.Build.0 = Debug|Any CPU
		{E49E26B0-8AB5-4A6F-98D6-F9BC4B909EB4}.Debug|x86.ActiveCfg = Debug|Any CPU
		{E49E26B0-8AB5-4A6F-98D6-F9BC4B909EB4}.Debug|x86.Build.0 = Debug|Any CPU
		{E49E26B0-8AB5-4A6F-98D6-F9BC4B909EB4}.Release|Any CPU.ActiveCfg = Release|Any CPU
		{E49E26B0-8AB5-4A6F-98D6-F9BC4B909EB4}.Release|Any CPU.Build.0 = Release|Any CPU
		{E49E26B0-8AB5-4A6F-98D6-F9BC4B909EB4}.Release|x64.ActiveCfg = Release|Any CPU
		{E49E26B0-8AB5-4A6F-98D6-F9BC4B909EB4}.Release|x64.Build.0 = Release|Any CPU
		{E49E26B0-8AB5-4A6F-98D6-F9BC4B909EB4}.Release|x86.ActiveCfg = Release|Any CPU
		{E49E26B0-8AB5-4A6F-98D6-F9BC4B909EB4}.Release|x86.Build.0 = Release|Any CPU
		{348F15FF-91BC-4A48-B8A1-0B8FEAD122CF}.Debug|Any CPU.ActiveCfg = Debug|Any CPU
		{348F15FF-91BC-4A48-B8A1-0B8FEAD122CF}.Debug|Any CPU.Build.0 = Debug|Any CPU
		{348F15FF-91BC-4A48-B8A1-0B8FEAD122CF}.Debug|x64.ActiveCfg = Debug|Any CPU
		{348F15FF-91BC-4A48-B8A1-0B8FEAD122CF}.Debug|x64.Build.0 = Debug|Any CPU
		{348F15FF-91BC-4A48-B8A1-0B8FEAD122CF}.Debug|x86.ActiveCfg = Debug|Any CPU
		{348F15FF-91BC-4A48-B8A1-0B8FEAD122CF}.Debug|x86.Build.0 = Debug|Any CPU
		{348F15FF-91BC-4A48-B8A1-0B8FEAD122CF}.Release|Any CPU.ActiveCfg = Release|Any CPU
		{348F15FF-91BC-4A48-B8A1-0B8FEAD122CF}.Release|Any CPU.Build.0 = Release|Any CPU
		{348F15FF-91BC-4A48-B8A1-0B8FEAD122CF}.Release|x64.ActiveCfg = Release|Any CPU
		{348F15FF-91BC-4A48-B8A1-0B8FEAD122CF}.Release|x64.Build.0 = Release|Any CPU
		{348F15FF-91BC-4A48-B8A1-0B8FEAD122CF}.Release|x86.ActiveCfg = Release|Any CPU
		{348F15FF-91BC-4A48-B8A1-0B8FEAD122CF}.Release|x86.Build.0 = Release|Any CPU
		{39C588E7-0CCA-4B98-A81B-8CA81EC4E2B5}.Debug|Any CPU.ActiveCfg = Debug|Any CPU
		{39C588E7-0CCA-4B98-A81B-8CA81EC4E2B5}.Debug|Any CPU.Build.0 = Debug|Any CPU
		{39C588E7-0CCA-4B98-A81B-8CA81EC4E2B5}.Debug|x64.ActiveCfg = Debug|Any CPU
		{39C588E7-0CCA-4B98-A81B-8CA81EC4E2B5}.Debug|x64.Build.0 = Debug|Any CPU
		{39C588E7-0CCA-4B98-A81B-8CA81EC4E2B5}.Debug|x86.ActiveCfg = Debug|Any CPU
		{39C588E7-0CCA-4B98-A81B-8CA81EC4E2B5}.Debug|x86.Build.0 = Debug|Any CPU
		{39C588E7-0CCA-4B98-A81B-8CA81EC4E2B5}.Release|Any CPU.ActiveCfg = Release|Any CPU
		{39C588E7-0CCA-4B98-A81B-8CA81EC4E2B5}.Release|Any CPU.Build.0 = Release|Any CPU
		{39C588E7-0CCA-4B98-A81B-8CA81EC4E2B5}.Release|x64.ActiveCfg = Release|Any CPU
		{39C588E7-0CCA-4B98-A81B-8CA81EC4E2B5}.Release|x64.Build.0 = Release|Any CPU
		{39C588E7-0CCA-4B98-A81B-8CA81EC4E2B5}.Release|x86.ActiveCfg = Release|Any CPU
		{39C588E7-0CCA-4B98-A81B-8CA81EC4E2B5}.Release|x86.Build.0 = Release|Any CPU
		{7BDA3689-4A6A-4833-828F-EE2589BB3C7C}.Debug|Any CPU.ActiveCfg = Debug|Any CPU
		{7BDA3689-4A6A-4833-828F-EE2589BB3C7C}.Debug|Any CPU.Build.0 = Debug|Any CPU
		{7BDA3689-4A6A-4833-828F-EE2589BB3C7C}.Debug|x64.ActiveCfg = Debug|Any CPU
		{7BDA3689-4A6A-4833-828F-EE2589BB3C7C}.Debug|x64.Build.0 = Debug|Any CPU
		{7BDA3689-4A6A-4833-828F-EE2589BB3C7C}.Debug|x86.ActiveCfg = Debug|Any CPU
		{7BDA3689-4A6A-4833-828F-EE2589BB3C7C}.Debug|x86.Build.0 = Debug|Any CPU
		{7BDA3689-4A6A-4833-828F-EE2589BB3C7C}.Release|Any CPU.ActiveCfg = Release|Any CPU
		{7BDA3689-4A6A-4833-828F-EE2589BB3C7C}.Release|Any CPU.Build.0 = Release|Any CPU
		{7BDA3689-4A6A-4833-828F-EE2589BB3C7C}.Release|x64.ActiveCfg = Release|Any CPU
		{7BDA3689-4A6A-4833-828F-EE2589BB3C7C}.Release|x64.Build.0 = Release|Any CPU
		{7BDA3689-4A6A-4833-828F-EE2589BB3C7C}.Release|x86.ActiveCfg = Release|Any CPU
		{7BDA3689-4A6A-4833-828F-EE2589BB3C7C}.Release|x86.Build.0 = Release|Any CPU
		{F2D00A23-0FB4-42AA-9914-EE9050FA809F}.Debug|Any CPU.ActiveCfg = Debug|Any CPU
		{F2D00A23-0FB4-42AA-9914-EE9050FA809F}.Debug|Any CPU.Build.0 = Debug|Any CPU
		{F2D00A23-0FB4-42AA-9914-EE9050FA809F}.Debug|x64.ActiveCfg = Debug|Any CPU
		{F2D00A23-0FB4-42AA-9914-EE9050FA809F}.Debug|x64.Build.0 = Debug|Any CPU
		{F2D00A23-0FB4-42AA-9914-EE9050FA809F}.Debug|x86.ActiveCfg = Debug|Any CPU
		{F2D00A23-0FB4-42AA-9914-EE9050FA809F}.Debug|x86.Build.0 = Debug|Any CPU
		{F2D00A23-0FB4-42AA-9914-EE9050FA809F}.Release|Any CPU.ActiveCfg = Release|Any CPU
		{F2D00A23-0FB4-42AA-9914-EE9050FA809F}.Release|Any CPU.Build.0 = Release|Any CPU
		{F2D00A23-0FB4-42AA-9914-EE9050FA809F}.Release|x64.ActiveCfg = Release|Any CPU
		{F2D00A23-0FB4-42AA-9914-EE9050FA809F}.Release|x64.Build.0 = Release|Any CPU
		{F2D00A23-0FB4-42AA-9914-EE9050FA809F}.Release|x86.ActiveCfg = Release|Any CPU
		{F2D00A23-0FB4-42AA-9914-EE9050FA809F}.Release|x86.Build.0 = Release|Any CPU
	EndGlobalSection
	GlobalSection(SolutionProperties) = preSolution
		HideSolutionNode = FALSE
	EndGlobalSection
	GlobalSection(NestedProjects) = preSolution
		{E49E26B0-8AB5-4A6F-98D6-F9BC4B909EB4} = {827E0CD3-B72D-47B6-A68D-7590B98EB39B}
		{348F15FF-91BC-4A48-B8A1-0B8FEAD122CF} = {827E0CD3-B72D-47B6-A68D-7590B98EB39B}
		{39C588E7-0CCA-4B98-A81B-8CA81EC4E2B5} = {827E0CD3-B72D-47B6-A68D-7590B98EB39B}
		{7BDA3689-4A6A-4833-828F-EE2589BB3C7C} = {827E0CD3-B72D-47B6-A68D-7590B98EB39B}
		{F2D00A23-0FB4-42AA-9914-EE9050FA809F} = {0AB3BF05-4346-4AA6-1389-037BE0695223}
	EndGlobalSection
EndGlobal
